// !$*UTF8*$!
{
	archiveVersion = 1;
	classes = {
	};
	objectVersion = 77;
	objects = {

/* Begin PBXBuildFile section */
		FE30198E2FC382CA00E6BEBB /* FirebaseAnalytics in Frameworks */ = {isa = PBXBuildFile; productRef = FE30198D2FC382CA00E6BEBB /* FirebaseAnalytics */; };
		FE3019912FC3834300E6BEBB /* FirebaseCore in Frameworks */ = {isa = PBXBuildFile; productRef = FE3019902FC3834300E6BEBB /* FirebaseCore */; };
		FE3019932FC3834C00E6BEBB /* FirebaseFirestore in Frameworks */ = {isa = PBXBuildFile; productRef = FE3019922FC3834C00E6BEBB /* FirebaseFirestore */; };
		FE3019962FC3C4DA00E6BEBB /* WebRTC in Frameworks */ = {isa = PBXBuildFile; productRef = FE3019952FC3C4DA00E6BEBB /* WebRTC */; };
		FEE82D3D2FD8F1FC00B8CF03 /* PhotoSavingService.swift in Sources */ = {isa = PBXBuildFile; fileRef = FEE82D3C2FD8F1FB00B8CF03 /* PhotoSavingService.swift */; };
		FEE82D3F2FD8F23800B8CF03 /* CameraFlashMode.swift in Sources */ = {isa = PBXBuildFile; fileRef = FEE82D3E2FD8F23800B8CF03 /* CameraFlashMode.swift */; };
/* End PBXBuildFile section */

/* Begin PBXFileReference section */
		FE5B7D4F2FC2AE8C00105CEC /* AICameraAssistant.app */ = {isa = PBXFileReference; explicitFileType = wrapper.application; includeInIndex = 0; path = AICameraAssistant.app; sourceTree = BUILT_PRODUCTS_DIR; };
		FEE82D3C2FD8F1FB00B8CF03 /* PhotoSavingService.swift */ = {isa = PBXFileReference; lastKnownFileType = sourcecode.swift; path = PhotoSavingService.swift; sourceTree = "<group>"; };
		FEE82D3E2FD8F23800B8CF03 /* CameraFlashMode.swift */ = {isa = PBXFileReference; lastKnownFileType = sourcecode.swift; path = CameraFlashMode.swift; sourceTree = "<group>"; };
/* End PBXFileReference section */

/* Begin PBXFileSystemSynchronizedRootGroup section */
		FE5B7D512FC2AE8C00105CEC /* AICameraAssistant */ = {
			isa = PBXFileSystemSynchronizedRootGroup;
			path = AICameraAssistant;
			sourceTree = "<group>";
		};
/* End PBXFileSystemSynchronizedRootGroup section */

/* Begin PBXFrameworksBuildPhase section */
		FE5B7D4C2FC2AE8C00105CEC /* Frameworks */ = {
			isa = PBXFrameworksBuildPhase;
			buildActionMask = 2147483647;
			files = (
				FE3019912FC3834300E6BEBB /* FirebaseCore in Frameworks */,
				FE3019962FC3C4DA00E6BEBB /* WebRTC in Frameworks */,
				FE30198E2FC382CA00E6BEBB /* FirebaseAnalytics in Frameworks */,
				FE3019932FC3834C00E6BEBB /* FirebaseFirestore in Frameworks */,
			);
			runOnlyForDeploymentPostprocessing = 0;
		};
/* End PBXFrameworksBuildPhase section */

/* Begin PBXGroup section */
		FE3019772FC2CC6600E6BEBB /* Models */ = {
			isa = PBXGroup;
			children = (
			);
			path = Models;
			sourceTree = "<group>";
		};
		FE3019782FC2CC6B00E6BEBB /* Services */ = {
			isa = PBXGroup;
			children = (
			);
			path = Services;
			sourceTree = "<group>";
		};
		FE3019792FC2CC6B00E6BEBB /* Screens */ = {
			isa = PBXGroup;
			children = (
			);
			path = Screens;
			sourceTree = "<group>";
		};
		FE30197A2FC2CC6B00E6BEBB /* Camera */ = {
			isa = PBXGroup;
			children = (
			);
			path = Camera;
			sourceTree = "<group>";
		};
		FE30198F2FC3834300E6BEBB /* Frameworks */ = {
			isa = PBXGroup;
			children = (
			);
			name = Frameworks;
			sourceTree = "<group>";
		};
		FE5B7D462FC2AE8C00105CEC = {
			isa = PBXGroup;
			children = (
				FE5B7D512FC2AE8C00105CEC /* AICameraAssistant */,
				FE5B7D502FC2AE8C00105CEC /* Products */,
				FE3019772FC2CC6600E6BEBB /* Models */,
				FE3019782FC2CC6B00E6BEBB /* Services */,
				FE3019792FC2CC6B00E6BEBB /* Screens */,
				FE30197A2FC2CC6B00E6BEBB /* Camera */,
				FE30198F2FC3834300E6BEBB /* Frameworks */,
				FEE82D3C2FD8F1FB00B8CF03 /* PhotoSavingService.swift */,
				FEE82D3E2FD8F23800B8CF03 /* CameraFlashMode.swift */,
			);
			sourceTree = "<group>";
		};
		FE5B7D502FC2AE8C00105CEC /* Products */ = {
			isa = PBXGroup;
			children = (
				FE5B7D4F2FC2AE8C00105CEC /* AICameraAssistant.app */,
			);
			name = Products;
			sourceTree = "<group>";
		};
/* End PBXGroup section */

/* Begin PBXNativeTarget section */
		FE5B7D4E2FC2AE8C00105CEC /* AICameraAssistant */ = {
			isa = PBXNativeTarget;
			buildConfigurationList = FE5B7D5A2FC2AE8D00105CEC /* Build configuration list for PBXNativeTarget "AICameraAssistant" */;
			buildPhases = (
				FE5B7D4B2FC2AE8C00105CEC /* Sources */,
				FE5B7D4C2FC2AE8C00105CEC /* Frameworks */,
				FE5B7D4D2FC2AE8C00105CEC /* Resources */,
			);
			buildRules = (
			);
			dependencies = (
			);
			fileSystemSynchronizedGroups = (
				FE5B7D512FC2AE8C00105CEC /* AICameraAssistant */,
			);
			name = AICameraAssistant;
			packageProductDependencies = (
				FE30198D2FC382CA00E6BEBB /* FirebaseAnalytics */,
				FE3019902FC3834300E6BEBB /* FirebaseCore */,
				FE3019922FC3834C00E6BEBB /* FirebaseFirestore */,
				FE3019952FC3C4DA00E6BEBB /* WebRTC */,
			);
			productName = AICameraAssistant;
			productReference = FE5B7D4F2FC2AE8C00105CEC /* AICameraAssistant.app */;
			productType = "com.apple.product-type.application";
		};
/* End PBXNativeTarget section */

/* Begin PBXProject section */
		FE5B7D472FC2AE8C00105CEC /* Project object */ = {
			isa = PBXProject;
			attributes = {
				BuildIndependentTargetsInParallel = 1;
				LastSwiftUpdateCheck = 2650;
				LastUpgradeCheck = 2650;
				TargetAttributes = {
					FE5B7D4E2FC2AE8C00105CEC = {
						CreatedOnToolsVersion = 26.5;
					};
				};
			};
			buildConfigurationList = FE5B7D4A2FC2AE8C00105CEC /* Build configuration list for PBXProject "AICameraAssistant" */;
			developmentRegion = en;
			hasScannedForEncodings = 0;
			knownRegions = (
				en,
				Base,
			);
			mainGroup = FE5B7D462FC2AE8C00105CEC;
			minimizedProjectReferenceProxies = 1;
			packageReferences = (
				FE30198C2FC382CA00E6BEBB /* XCRemoteSwiftPackageReference "firebase-ios-sdk" */,
				FE3019942FC3C4DA00E6BEBB /* XCRemoteSwiftPackageReference "WebRTC" */,
			);
			preferredProjectObjectVersion = 77;
			productRefGroup = FE5B7D502FC2AE8C00105CEC /* Products */;
			projectDirPath = "";
			projectRoot = "";
			targets = (
				FE5B7D4E2FC2AE8C00105CEC /* AICameraAssistant */,
			);
		};
/* End PBXProject section */

/* Begin PBXResourcesBuildPhase section */
		FE5B7D4D2FC2AE8C00105CEC /* Resources */ = {
			isa = PBXResourcesBuildPhase;
			buildActionMask = 2147483647;
			files = (
			);
			runOnlyForDeploymentPostprocessing = 0;
		};
/* End PBXResourcesBuildPhase section */

/* Begin PBXSourcesBuildPhase section */
		FE5B7D4B2FC2AE8C00105CEC /* Sources */ = {
			isa = PBXSourcesBuildPhase;
			buildActionMask = 2147483647;
			files = (
				FEE82D3D2FD8F1FC00B8CF03 /* PhotoSavingService.swift in Sources */,
				FEE82D3F2FD8F23800B8CF03 /* CameraFlashMode.swift in Sources */,
			);
			runOnlyForDeploymentPostprocessing = 0;
		};
/* End PBXSourcesBuildPhase section */

/* Begin XCBuildConfiguration section */
		FE5B7D582FC2AE8D00105CEC /* Debug */ = {
			isa = XCBuildConfiguration;
			buildSettings = {
				ALWAYS_SEARCH_USER_PATHS = NO;
				ASSETCATALOG_COMPILER_GENERATE_SWIFT_ASSET_SYMBOL_EXTENSIONS = YES;
				CLANG_ANALYZER_NONNULL = YES;
				CLANG_ANALYZER_NUMBER_OBJECT_CONVERSION = YES_AGGRESSIVE;
				CLANG_CXX_LANGUAGE_STANDARD = "gnu++20";
				CLANG_ENABLE_MODULES = YES;
				CLANG_ENABLE_OBJC_ARC = YES;
				CLANG_ENABLE_OBJC_WEAK = YES;
				CLANG_WARN_BLOCK_CAPTURE_AUTORELEASING = YES;
				CLANG_WARN_BOOL_CONVERSION = YES;
				CLANG_WARN_COMMA = YES;
				CLANG_WARN_CONSTANT_CONVERSION = YES;
				CLANG_WARN_DEPRECATED_OBJC_IMPLEMENTATIONS = YES;
				CLANG_WARN_DIRECT_OBJC_ISA_USAGE = YES_ERROR;
				CLANG_WARN_DOCUMENTATION_COMMENTS = YES;
				CLANG_WARN_EMPTY_BODY = YES;
				CLANG_WARN_ENUM_CONVERSION = YES;
				CLANG_WARN_INFINITE_RECURSION = YES;
				CLANG_WARN_INT_CONVERSION = YES;
				CLANG_WARN_NON_LITERAL_NULL_CONVERSION = YES;
				CLANG_WARN_OBJC_IMPLICIT_RETAIN_SELF = YES;
				CLANG_WARN_OBJC_LITERAL_CONVERSION = YES;
				CLANG_WARN_OBJC_ROOT_CLASS = YES_ERROR;
				CLANG_WARN_QUOTED_INCLUDE_IN_FRAMEWORK_HEADER = YES;
				CLANG_WARN_RANGE_LOOP_ANALYSIS = YES;
				CLANG_WARN_STRICT_PROTOTYPES = YES;
				CLANG_WARN_SUSPICIOUS_MOVE = YES;
				CLANG_WARN_UNGUARDED_AVAILABILITY = YES_AGGRESSIVE;
				CLANG_WARN_UNREACHABLE_CODE = YES;
				CLANG_WARN__DUPLICATE_METHOD_MATCH = YES;
				COPY_PHASE_STRIP = NO;
				DEBUG_INFORMATION_FORMAT = dwarf;
				ENABLE_STRICT_OBJC_MSGSEND = YES;
				ENABLE_TESTABILITY = YES;
				ENABLE_USER_SCRIPT_SANDBOXING = YES;
				GCC_C_LANGUAGE_STANDARD = gnu17;
				GCC_DYNAMIC_NO_PIC = NO;
				GCC_NO_COMMON_BLOCKS = YES;
				GCC_OPTIMIZATION_LEVEL = 0;
				GCC_PREPROCESSOR_DEFINITIONS = (
					"DEBUG=1",
					"$(inherited)",
				);
				GCC_WARN_64_TO_32_BIT_CONVERSION = YES;
				GCC_WARN_ABOUT_RETURN_TYPE = YES_ERROR;
				GCC_WARN_UNDECLARED_SELECTOR = YES;
				GCC_WARN_UNINITIALIZED_AUTOS = YES_AGGRESSIVE;
				GCC_WARN_UNUSED_FUNCTION = YES;
				GCC_WARN_UNUSED_VARIABLE = YES;
				IPHONEOS_DEPLOYMENT_TARGET = 26.5;
				LOCALIZATION_PREFERS_STRING_CATALOGS = YES;
				MTL_ENABLE_DEBUG_INFO = INCLUDE_SOURCE;
				MTL_FAST_MATH = YES;
				ONLY_ACTIVE_ARCH = YES;
				SDKROOT = iphoneos;
				SWIFT_ACTIVE_COMPILATION_CONDITIONS = "DEBUG $(inherited)";
				SWIFT_OPTIMIZATION_LEVEL = "-Onone";
			};
			name = Debug;
		};
		FE5B7D592FC2AE8D00105CEC /* Release */ = {
			isa = XCBuildConfiguration;
			buildSettings = {
				ALWAYS_SEARCH_USER_PATHS = NO;
				ASSETCATALOG_COMPILER_GENERATE_SWIFT_ASSET_SYMBOL_EXTENSIONS = YES;
				CLANG_ANALYZER_NONNULL = YES;
				CLANG_ANALYZER_NUMBER_OBJECT_CONVERSION = YES_AGGRESSIVE;
				CLANG_CXX_LANGUAGE_STANDARD = "gnu++20";
				CLANG_ENABLE_MODULES = YES;
				CLANG_ENABLE_OBJC_ARC = YES;
				CLANG_ENABLE_OBJC_WEAK = YES;
				CLANG_WARN_BLOCK_CAPTURE_AUTORELEASING = YES;
				CLANG_WARN_BOOL_CONVERSION = YES;
				CLANG_WARN_COMMA = YES;
				CLANG_WARN_CONSTANT_CONVERSION = YES;
				CLANG_WARN_DEPRECATED_OBJC_IMPLEMENTATIONS = YES;
				CLANG_WARN_DIRECT_OBJC_ISA_USAGE = YES_ERROR;
				CLANG_WARN_DOCUMENTATION_COMMENTS = YES;
				CLANG_WARN_EMPTY_BODY = YES;
				CLANG_WARN_ENUM_CONVERSION = YES;
				CLANG_WARN_INFINITE_RECURSION = YES;
				CLANG_WARN_INT_CONVERSION = YES;
				CLANG_WARN_NON_LITERAL_NULL_CONVERSION = YES;
				CLANG_WARN_OBJC_IMPLICIT_RETAIN_SELF = YES;
				CLANG_WARN_OBJC_LITERAL_CONVERSION = YES;
				CLANG_WARN_OBJC_ROOT_CLASS = YES_ERROR;
				CLANG_WARN_QUOTED_INCLUDE_IN_FRAMEWORK_HEADER = YES;
				CLANG_WARN_RANGE_LOOP_ANALYSIS = YES;
				CLANG_WARN_STRICT_PROTOTYPES = YES;
				CLANG_WARN_SUSPICIOUS_MOVE = YES;
				CLANG_WARN_UNGUARDED_AVAILABILITY = YES_AGGRESSIVE;
				CLANG_WARN_UNREACHABLE_CODE = YES;
				CLANG_WARN__DUPLICATE_METHOD_MATCH = YES;
				COPY_PHASE_STRIP = NO;
				DEBUG_INFORMATION_FORMAT = "dwarf-with-dsym";
				ENABLE_NS_ASSERTIONS = NO;
				ENABLE_STRICT_OBJC_MSGSEND = YES;
				ENABLE_USER_SCRIPT_SANDBOXING = YES;
				GCC_C_LANGUAGE_STANDARD = gnu17;
				GCC_NO_COMMON_BLOCKS = YES;
				GCC_WARN_64_TO_32_BIT_CONVERSION = YES;
				GCC_WARN_ABOUT_RETURN_TYPE = YES_ERROR;
				GCC_WARN_UNDECLARED_SELECTOR = YES;
				GCC_WARN_UNINITIALIZED_AUTOS = YES_AGGRESSIVE;
				GCC_WARN_UNUSED_FUNCTION = YES;
				GCC_WARN_UNUSED_VARIABLE = YES;
				IPHONEOS_DEPLOYMENT_TARGET = 26.5;
				LOCALIZATION_PREFERS_STRING_CATALOGS = YES;
				MTL_ENABLE_DEBUG_INFO = NO;
				MTL_FAST_MATH = YES;
				SDKROOT = iphoneos;
				SWIFT_COMPILATION_MODE = wholemodule;
				VALIDATE_PRODUCT = YES;
			};
			name = Release;
		};
		FE5B7D5B2FC2AE8D00105CEC /* Debug */ = {
			isa = XCBuildConfiguration;
			buildSettings = {
				ASSETCATALOG_COMPILER_APPICON_NAME = AppIcon;
				ASSETCATALOG_COMPILER_GLOBAL_ACCENT_COLOR_NAME = AccentColor;
				CODE_SIGN_STYLE = Automatic;
				CURRENT_PROJECT_VERSION = 1;
				DEVELOPMENT_TEAM = PAT3YRN69G;
				ENABLE_PREVIEWS = YES;
				GENERATE_INFOPLIST_FILE = YES;
				INFOPLIST_KEY_NSCameraUsageDescription = "AICameraAssistant needs camera access to host the remote camera preview and capture photos.";
				INFOPLIST_KEY_NSPhotoLibraryAddUsageDescription = "Save captured photos to your photo library";
				INFOPLIST_KEY_UIApplicationSceneManifest_Generation = YES;
				INFOPLIST_KEY_UIApplicationSupportsIndirectInputEvents = YES;
				INFOPLIST_KEY_UILaunchScreen_Generation = YES;
				INFOPLIST_KEY_UISupportedInterfaceOrientations_iPad = "UIInterfaceOrientationPortrait UIInterfaceOrientationPortraitUpsideDown UIInterfaceOrientationLandscapeLeft UIInterfaceOrientationLandscapeRight";
				INFOPLIST_KEY_UISupportedInterfaceOrientations_iPhone = "UIInterfaceOrientationPortrait UIInterfaceOrientationLandscapeLeft UIInterfaceOrientationLandscapeRight";
				IPHONEOS_DEPLOYMENT_TARGET = 17.6;
				LD_RUNPATH_SEARCH_PATHS = (
					"$(inherited)",
					"@executable_path/Frameworks",
				);
				MARKETING_VERSION = 1.0;
				PRODUCT_BUNDLE_IDENTIFIER = CameraAssistant.AICameraAssistant;
				PRODUCT_NAME = "$(TARGET_NAME)";
				STRING_CATALOG_GENERATE_SYMBOLS = YES;
				SWIFT_APPROACHABLE_CONCURRENCY = YES;
				SWIFT_DEFAULT_ACTOR_ISOLATION = MainActor;
				SWIFT_EMIT_LOC_STRINGS = YES;
				SWIFT_UPCOMING_FEATURE_MEMBER_IMPORT_VISIBILITY = YES;
				SWIFT_VERSION = 5.0;
				TARGETED_DEVICE_FAMILY = "1,2";
			};
			name = Debug;
		};
		FE5B7D5C2FC2AE8D00105CEC /* Release */ = {
			isa = XCBuildConfiguration;
			buildSettings = {
				ASSETCATALOG_COMPILER_APPICON_NAME = AppIcon;
				ASSETCATALOG_COMPILER_GLOBAL_ACCENT_COLOR_NAME = AccentColor;
				CODE_SIGN_STYLE = Automatic;
				CURRENT_PROJECT_VERSION = 1;
				DEVELOPMENT_TEAM = PAT3YRN69G;
				ENABLE_PREVIEWS = YES;
				GENERATE_INFOPLIST_FILE = YES;
				INFOPLIST_KEY_NSCameraUsageDescription = "AICameraAssistant needs camera access to host the remote camera preview and capture photos.";
				INFOPLIST_KEY_NSPhotoLibraryAddUsageDescription = "Save captured photos to your photo library";
				INFOPLIST_KEY_UIApplicationSceneManifest_Generation = YES;
				INFOPLIST_KEY_UIApplicationSupportsIndirectInputEvents = YES;
				INFOPLIST_KEY_UILaunchScreen_Generation = YES;
				INFOPLIST_KEY_UISupportedInterfaceOrientations_iPad = "UIInterfaceOrientationPortrait UIInterfaceOrientationPortraitUpsideDown UIInterfaceOrientationLandscapeLeft UIInterfaceOrientationLandscapeRight";
				INFOPLIST_KEY_UISupportedInterfaceOrientations_iPhone = "UIInterfaceOrientationPortrait UIInterfaceOrientationLandscapeLeft UIInterfaceOrientationLandscapeRight";
				IPHONEOS_DEPLOYMENT_TARGET = 17.6;
				LD_RUNPATH_SEARCH_PATHS = (
					"$(inherited)",
					"@executable_path/Frameworks",
				);
				MARKETING_VERSION = 1.0;
				PRODUCT_BUNDLE_IDENTIFIER = CameraAssistant.AICameraAssistant;
				PRODUCT_NAME = "$(TARGET_NAME)";
				STRING_CATALOG_GENERATE_SYMBOLS = YES;
				SWIFT_APPROACHABLE_CONCURRENCY = YES;
				SWIFT_DEFAULT_ACTOR_ISOLATION = MainActor;
				SWIFT_EMIT_LOC_STRINGS = YES;
				SWIFT_UPCOMING_FEATURE_MEMBER_IMPORT_VISIBILITY = YES;
				SWIFT_VERSION = 5.0;
				TARGETED_DEVICE_FAMILY = "1,2";
			};
			name = Release;
		};
/* End XCBuildConfiguration section */

/* Begin XCConfigurationList section */
		FE5B7D4A2FC2AE8C00105CEC /* Build configuration list for PBXProject "AICameraAssistant" */ = {
			isa = XCConfigurationList;
			buildConfigurations = (
				FE5B7D582FC2AE8D00105CEC /* Debug */,
				FE5B7D592FC2AE8D00105CEC /* Release */,
			);
			defaultConfigurationIsVisible = 0;
			defaultConfigurationName = Release;
		};
		FE5B7D5A2FC2AE8D00105CEC /* Build configuration list for PBXNativeTarget "AICameraAssistant" */ = {
			isa = XCConfigurationList;
			buildConfigurations = (
				FE5B7D5B2FC2AE8D00105CEC /* Debug */,
				FE5B7D5C2FC2AE8D00105CEC /* Release */,
			);
			defaultConfigurationIsVisible = 0;
			defaultConfigurationName = Release;
		};
/* End XCConfigurationList section */

/* Begin XCRemoteSwiftPackageReference section */
		FE30198C2FC382CA00E6BEBB /* XCRemoteSwiftPackageReference "firebase-ios-sdk" */ = {
			isa = XCRemoteSwiftPackageReference;
			repositoryURL = "https://github.com/firebase/firebase-ios-sdk";
			requirement = {
				kind = upToNextMajorVersion;
				minimumVersion = 12.13.0;
			};
		};
		FE3019942FC3C4DA00E6BEBB /* XCRemoteSwiftPackageReference "WebRTC" */ = {
			isa = XCRemoteSwiftPackageReference;
			repositoryURL = "https://github.com/stasel/WebRTC";
			requirement = {
				kind = upToNextMajorVersion;
				minimumVersion = 147.0.0;
			};
		};
/* End XCRemoteSwiftPackageReference section */

/* Begin XCSwiftPackageProductDependency section */
		FE30198D2FC382CA00E6BEBB /* FirebaseAnalytics */ = {
			isa = XCSwiftPackageProductDependency;
			package = FE30198C2FC382CA00E6BEBB /* XCRemoteSwiftPackageReference "firebase-ios-sdk" */;
			productName = FirebaseAnalytics;
		};
		FE3019902FC3834300E6BEBB /* FirebaseCore */ = {
			isa = XCSwiftPackageProductDependency;
			package = FE30198C2FC382CA00E6BEBB /* XCRemoteSwiftPackageReference "firebase-ios-sdk" */;
			productName = FirebaseCore;
		};
		FE3019922FC3834C00E6BEBB /* FirebaseFirestore */ = {
			isa = XCSwiftPackageProductDependency;
			package = FE30198C2FC382CA00E6BEBB /* XCRemoteSwiftPackageReference "firebase-ios-sdk" */;
			productName = FirebaseFirestore;
		};
		FE3019952FC3C4DA00E6BEBB /* WebRTC */ = {
			isa = XCSwiftPackageProductDependency;
			package = FE3019942FC3C4DA00E6BEBB /* XCRemoteSwiftPackageReference "WebRTC" */;
			productName = WebRTC;
		};
/* End XCSwiftPackageProductDependency section */
	};
	rootObject = FE5B7D472FC2AE8C00105CEC /* Project object */;
}
